
Microsoft Visual Studio Solution File, Format Version 12.00
# Visual Studio Version 17
VisualStudioVersion = 17.6.33801.468
MinimumVisualStudioVersion = 10.0.40219.1
Project("{9A19103F-16F7-4668-BE54-9A1E7A4F7556}") = "HealthDemo.Data", "HealthDemo.Data\HealthDemo.Data.csproj", "{73A034F6-742F-49BC-BF6B-E1A4F8BFA7FF}"
EndProject
Project("{9A19103F-16F7-4668-BE54-9A1E7A4F7556}") = "HealthDemo.Model", "HealthDemo.Model\HealthDemo.Model.csproj", "{07A116D7-DB7E-45D1-8BF5-961E9F3878AD}"
EndProject
Project("{9A19103F-16F7-4668-BE54-9A1E7A4F7556}") = "HealthDemo.Factory", "HealthDemo.Factory\HealthDemo.Factory.csproj", "{07ADCC39-C803-41A0-A1DE-9AE3CE9217C1}"
EndProject
Project("{9A19103F-16F7-4668-BE54-9A1E7A4F7556}") = "HealthDemo.Service", "HealthDemo.Service\HealthDemo.Service.csproj", "{AC319E12-9908-4CE2-B943-089DEECFFFA1}"
EndProject
Project("{9A19103F-16F7-4668-BE54-9A1E7A4F7556}") = "HealthDemo.WebApp", "HealthDemo.WebApp\HealthDemo.WebApp.csproj", "{A2719DA2-578F-49BC-AC96-89A322B3E5AC}"
EndProject
Project("{9A19103F-16F7-4668-BE54-9A1E7A4F7556}") = "HealthDemo.API", "HealthDemo.API\HealthDemo.API.csproj", "{334A9C5F-F201-47CC-ABBC-E88D3020374A}"
EndProject
Global
	GlobalSection(SolutionConfigurationPlatforms) = preSolution
		Debug|Any CPU = Debug|Any CPU
		Release|Any CPU = Release|Any CPU
	EndGlobalSection
	GlobalSection(ProjectConfigurationPlatforms) = postSolution
		{73A034F6-742F-49BC-BF6B-E1A4F8BFA7FF}.Debug|Any CPU.ActiveCfg = Debug|Any CPU
		{73A034F6-742F-49BC-BF6B-E1A4F8BFA7FF}.Debug|Any CPU.Build.0 = Debug|Any CPU
		{73A034F6-742F-49BC-BF6B-E1A4F8BFA7FF}.Release|Any CPU.ActiveCfg = Release|Any CPU
		{73A034F6-742F-49BC-BF6B-E1A4F8BFA7FF}.Release|Any CPU.Build.0 = Release|Any CPU
		{07A116D7-DB7E-45D1-8BF5-961E9F3878AD}.Debug|Any CPU.ActiveCfg = Debug|Any CPU
		{07A116D7-DB7E-45D1-8BF5-961E9F3878AD}.Debug|Any CPU.Build.0 = Debug|Any CPU
		{07A116D7-DB7E-45D1-8BF5-961E9F3878AD}.Release|Any CPU.ActiveCfg = Release|Any CPU
		{07A116D7-DB7E-45D1-8BF5-961E9F3878AD}.Release|Any CPU.Build.0 = Release|Any CPU
		{07ADCC39-C803-41A0-A1DE-9AE3CE9217C1}.Debug|Any CPU.ActiveCfg = Debug|Any CPU
		{07ADCC39-C803-41A0-A1DE-9AE3CE9217C1}.Debug|Any CPU.Build.0 = Debug|Any CPU
		{07ADCC39-C803-41A0-A1DE-9AE3CE9217C1}.Release|Any CPU.ActiveCfg = Release|Any CPU
		{07ADCC39-C803-41A0-A1DE-9AE3CE9217C1}.Release|Any CPU.Build.0 = Release|Any CPU
		{AC319E12-9908-4CE2-B943-089DEECFFFA1}.Debug|Any CPU.ActiveCfg = Debug|Any CPU
		{AC319E12-9908-4CE2-B943-089DEECFFFA1}.Debug|Any CPU.Build.0 = Debug|Any CPU
		{AC319E12-9908-4CE2-B943-089DEECFFFA1}.Release|Any CPU.ActiveCfg = Release|Any CPU
		{AC319E12-9908-4CE2-B943-089DEECFFFA1}.Release|Any CPU.Build.0 = Release|Any CPU
		{A2719DA2-578F-49BC-AC96-89A322B3E5AC}.Debug|Any CPU.ActiveCfg = Debug|Any CPU
		{A2719DA2-578F-49BC-AC96-89A322B3E5AC}.Debug|Any CPU.Build.0 = Debug|Any CPU
		{A2719DA2-578F-49BC-AC96-89A322B3E5AC}.Release|Any CPU.ActiveCfg = Release|Any CPU
		{A2719DA2-578F-49BC-AC96-89A322B3E5AC}.Release|Any CPU.Build.0 = Release|Any CPU
		{334A9C5F-F201-47CC-ABBC-E88D3020374A}.Debug|Any CPU.ActiveCfg = Debug|Any CPU
		{334A9C5F-F201-47CC-ABBC-E88D3020374A}.Debug|Any CPU.Build.0 = Debug|Any CPU
		{334A9C5F-F201-47CC-ABBC-E88D3020374A}.Release|Any CPU.ActiveCfg = Release|Any CPU
		{334A9C5F-F201-47CC-ABBC-E88D3020374A}.Release|Any CPU.Build.0 = Release|Any CPU
	EndGlobalSection
	GlobalSection(SolutionProperties) = preSolution
		HideSolutionNode = FALSE
	EndGlobalSection
	GlobalSection(ExtensibilityGlobals) = postSolution
		SolutionGuid = {3E844CE8-F199-4B32-AD77-8E3624CB3261}
	EndGlobalSection
EndGlobal
